{"format_version":"1.0","provider_schemas":{"registry.terraform.io/jdamata/sonarqube":{"provider":{"version":0,"block":{"attributes":{"anonymize_user_on_delete":{"type":"bool","description":"Allows anonymizing users on destroy. Requires Sonarqube version \u003e= 9.7.","description_kind":"plain","optional":true},"host":{"type":"string","description_kind":"plain","required":true},"http_proxy":{"type":"string","description_kind":"plain","optional":true},"installed_edition":{"type":"string","description_kind":"plain","optional":true},"installed_version":{"type":"string","description_kind":"plain","optional":true},"pass":{"type":"string","description_kind":"plain","optional":true,"sensitive":true},"tls_insecure_skip_verify":{"type":"bool","description":"Allows ignoring insecure certificates when set to true. Defaults to false. Disabling TLS verification is dangerous and should only be done for local testing.","description_kind":"plain","optional":true},"token":{"type":"string","description_kind":"plain","optional":true,"sensitive":true},"user":{"type":"string","description_kind":"plain","optional":true}},"description_kind":"plain"}},"resource_schemas":{"sonarqube_alm_azure":{"version":0,"block":{"attributes":{"id":{"type":"string","description_kind":"plain","optional":true,"computed":true},"key":{"type":"string","description":"Unique key of the Azure Devops instance setting","description_kind":"plain","required":true},"personal_access_token":{"type":"string","description":"Azure Devops personal access token","description_kind":"plain","required":true,"sensitive":true},"url":{"type":"string","description":"Azure API URL","description_kind":"plain","required":true}},"description":"Provides a Sonarqube Azure Devops Alm/Devops Platform Integration resource. This can be used to create and manage a Alm/Devops\nPlatform Integration for Azure Devops.","description_kind":"plain"}},"sonarqube_alm_github":{"version":0,"block":{"attributes":{"app_id":{"type":"string","description":"GitHub App ID. Maximum length: 80","description_kind":"plain","required":true},"client_id":{"type":"string","description":"GitHub App Client ID. Maximum length: 80","description_kind":"plain","required":true},"client_secret":{"type":"string","description":"GitHub App Client Secret. Maximum length: 160","description_kind":"plain","required":true},"id":{"type":"string","description_kind":"plain","optional":true,"computed":true},"key":{"type":"string","description":"Unique key of the GitHUb instance setting. Maximum length: 200","description_kind":"plain","required":true},"private_key":{"type":"string","description":"GitHub App private key. Maximum length: 2500","description_kind":"plain","required":true},"url":{"type":"string","description":"GitHub API URL. Maximum length: 2000","description_kind":"plain","required":true},"webhook_secret":{"type":"string","description":"GitHub App Webhook Secret. Maximum length: 160","description_kind":"plain","optional":true}},"description":"Provides a Sonarqube GitHub Alm/Devops Platform Integration resource. This can be used to create and manage a Alm/Devops\nPlatform Integration for GitHub.","description_kind":"plain"}},"sonarqube_alm_gitlab":{"version":0,"block":{"attributes":{"id":{"type":"string","description_kind":"plain","optional":true,"computed":true},"key":{"type":"string","description":"Unique key of the GitLab instance setting. Maximum length: 200","description_kind":"plain","required":true},"personal_access_token":{"type":"string","description":"GitLab App personal access token with the `read_api` scope. See [this doc](https://docs.sonarqube.org/latest/devops-platform-integration/gitlab-integration/#importing-your-gitlab-projects-into-sonarqube) for more information. Maximum length: 2000","description_kind":"plain","required":true,"sensitive":true},"url":{"type":"string","description":"GitLab API URL. Maximum length: 2000","description_kind":"plain","required":true}},"description":"Provides a Sonarqube GitLab Alm/Devops Platform Integration resource. This can be used to create and manage a Alm/Devops\nPlatform Integration for GitLab.","description_kind":"plain"}},"sonarqube_azure_binding":{"version":0,"block":{"attributes":{"alm_setting":{"type":"string","description":"Azure DevOps setting key","description_kind":"plain","required":true},"id":{"type":"string","description_kind":"plain","optional":true,"computed":true},"monorepo":{"type":"bool","description":"Is this project part of a monorepo","description_kind":"plain","optional":true},"project":{"type":"string","description":"SonarQube project key","description_kind":"plain","required":true},"project_name":{"type":"string","description":"Azure project name","description_kind":"plain","required":true},"repository_name":{"type":"string","description":"Azure repository name","description_kind":"plain","required":true}},"description":"Provides a Sonarqube Azure Devops binding resource. This can be used to create and manage the binding between an\nAzure Devops repository and a SonarQube project","description_kind":"plain"}},"sonarqube_github_binding":{"version":0,"block":{"attributes":{"alm_setting":{"type":"string","description":"GitHub ALM setting key","description_kind":"plain","required":true},"id":{"type":"string","description_kind":"plain","optional":true,"computed":true},"monorepo":{"type":"string","description":"Is this project part of a monorepo. Default value: false","description_kind":"plain","optional":true},"project":{"type":"string","description":"Project key","description_kind":"plain","required":true},"repository":{"type":"string","description":"The full name of your GitHub repository, including the organization, case-sensitive. Maximum length: 256","description_kind":"plain","required":true},"summary_comment_enabled":{"type":"string","description":"Enable/disable summary in PR discussion tab. Default value: true","description_kind":"plain","optional":true}},"description":"Provides a Sonarqube GitHub binding resource. This can be used to create and manage the binding between a\nGitHub repository and a SonarQube project","description_kind":"plain"}},"sonarqube_gitlab_binding":{"version":0,"block":{"attributes":{"alm_setting":{"type":"string","description":"GitLab ALM setting key","description_kind":"plain","required":true},"id":{"type":"string","description_kind":"plain","optional":true,"computed":true},"monorepo":{"type":"string","description":"Is this project part of a monorepo. Default value: false","description_kind":"plain","optional":true},"project":{"type":"string","description":"SonarQube project key. Changing this will force a new resource to be created","description_kind":"plain","required":true},"repository":{"type":"string","description":"The GitLab project ID","description_kind":"plain","required":true}},"description":"Provides a Sonarqube GitLab binding resource. This can be used to create and manage the binding between a\nGitLab repository and a SonarQube project","description_kind":"plain"}},"sonarqube_group":{"version":0,"block":{"attributes":{"description":{"type":"string","description":"Description of the Group.","description_kind":"plain","optional":true},"id":{"type":"string","description_kind":"plain","optional":true,"computed":true},"name":{"type":"string","description":"The name of the Group to create. Changing this forces a new resource to be created.","description_kind":"plain","required":true}},"description":"Provides a Sonarqube Group resource. This can be used to create and manage Sonarqube Groups.","description_kind":"plain"}},"sonarqube_group_member":{"version":0,"block":{"attributes":{"id":{"type":"string","description_kind":"plain","optional":true,"computed":true},"login_name":{"type":"string","description":"The `login_name` of the User to add as a member. Changing this forces a new resource to be created.","description_kind":"plain","required":true},"name":{"type":"string","description":"The name of the Group to add a member to. Changing this forces a new resource to be created.","description_kind":"plain","required":true}},"description":"Provides a Sonarqube Group Member resource. This can be used to add or remove user to or from Sonarqube Groups.","description_kind":"plain"}},"sonarqube_new_code_periods":{"version":0,"block":{"attributes":{"branch":{"type":"string","description":"The name of a branch of a project for which the new code period will be configured. Changing this will force a new resource to be created. Setting this also requires setting the 'project' argument.","description_kind":"plain","optional":true},"id":{"type":"string","description_kind":"plain","optional":true,"computed":true},"project":{"type":"string","description":"The key of a project for which the new code period will be configured. Changing this will force a new resource to be created.","description_kind":"plain","optional":true},"type":{"type":"string","description":"The kind of new code period to use. Supported values are SPECIFIC_ANALYSIS, PREVIOUS_VERSION, NUMBER_OF_DAYS, or REFERENCE_BRANCH.","description_kind":"plain","required":true},"value":{"type":"string","description":"The desired value of the new code period. Varies based on the 'type'. For SPECIFIC_ANALYIS, the value must be the UUID of a previous analysis. For NUMBER_OF_DAYS it must be a numeric string. For REFERENCE_BRANCH it should be the name of branch on the project. For PREVIOUS_VERSION it must **not** be set.","description_kind":"plain","optional":true}},"description":"Provides a Sonarqube New Code Periods resource. This can be used to manage Sonarqube New Code Periods.","description_kind":"plain"}},"sonarqube_permission_template":{"version":0,"block":{"attributes":{"default":{"type":"bool","description":"Set the template as the default. This can only be set for one template.","description_kind":"plain","optional":true},"description":{"type":"string","description":"Description of the Template.","description_kind":"plain","optional":true},"id":{"type":"string","description_kind":"plain","optional":true,"computed":true},"name":{"type":"string","description":"The name of the Permission template to create. Do not use names with `/`. If needed, use `replace(var.permission_template_name, \"/\", \"_\")`. Changing this forces a new resource to be created.","description_kind":"plain","required":true},"project_key_pattern":{"type":"string","description":"The project key pattern. Must be a valid Java regular expression.","description_kind":"plain","optional":true}},"description":"Provides a Sonarqube Permission template resource. This can be used to create and manage Sonarqube Permission\ntemplates.","description_kind":"plain"}},"sonarqube_permissions":{"version":0,"block":{"attributes":{"group_name":{"type":"string","description":"The name of the Group that should get the specified permissions. Changing this forces a new resource to be created. Cannot be used with `login_name`","description_kind":"plain","optional":true},"id":{"type":"string","description_kind":"plain","optional":true,"computed":true},"login_name":{"type":"string","description":"The name of the user that should get the specified permissions. Changing this forces a new resource to be created. Cannot be used with `group_name`.","description_kind":"plain","optional":true},"permissions":{"type":["list","string"],"description":"A list of permissions that should be applied. Changing this forces a new resource to be created. Possible values are: `admin`, `codeviewer`, `issueadmin`, `securityhotspotadmin`, `scan`, `user`.","description_kind":"plain","required":true},"project_key":{"type":"string","description":"Specify if you want to apply project level permissions. Changing this forces a new resource to be created. Cannot be used with `template_id \u0026 template_name`","description_kind":"plain","optional":true},"template_id":{"type":"string","description":"Specify if you want to apply the permissions to a permission template. Changing this forces a new resource to be created. Cannot be used with `project_key \u0026 template_name`","description_kind":"plain","optional":true},"template_name":{"type":"string","description":"Specify if you want to apply the permissions to a permission template. Changing this forces a new resource to be created. Cannot be used with `project_key \u0026 template_id`","description_kind":"plain","optional":true}},"description":"Provides a Sonarqube Permissions resource. This can be used to manage global and project permissions.","description_kind":"plain"}},"sonarqube_plugin":{"version":0,"block":{"attributes":{"id":{"type":"string","description_kind":"plain","optional":true,"computed":true},"key":{"type":"string","description":"The key identifying the plugin to uninstall.","description_kind":"plain","required":true}},"description":"Provides a Sonarqube Plugin resource. This can be used to create and manage Sonarqube Plugins.","description_kind":"plain"}},"sonarqube_portfolio":{"version":0,"block":{"attributes":{"branch":{"type":"string","description":"Which branch to analyze. If nothing, or '' is specified, the main branch is used.","description_kind":"plain","optional":true},"description":{"type":"string","description":"A description of the Portfolio to create","description_kind":"plain","required":true},"id":{"type":"string","description_kind":"plain","optional":true,"computed":true},"key":{"type":"string","description":"The key of the Portfolio to create","description_kind":"plain","required":true},"name":{"type":"string","description":"The name of the Portfolio to create","description_kind":"plain","required":true},"qualifier":{"type":"string","description_kind":"plain","computed":true},"regexp":{"type":"string","description":"A regular expression that is used to match Projects with a matching name OR key. If they match, they are added to the Portfolio","description_kind":"plain","optional":true},"selection_mode":{"type":"string","description":"How to populate the Portfolio to create. Possible values are `NONE`, `MANUAL`, `TAGS`, `REGEXP` or `REST`. [See docs](https://docs.sonarqube.org/9.8/project-administration/managing-portfolios/#populating-portfolios) for how Portfolio population works","description_kind":"plain","optional":true},"tags":{"type":["list","string"],"description":"List of Project tags to populate the Portfolio from. Only active when `selection_mode` is `TAGS`","description_kind":"plain","optional":true},"visibility":{"type":"string","description":"Whether the created portfolio should be visible to everyone, or only specific user/groups. If no visibility is specified, the default portfolio visibility will be `public`.","description_kind":"plain","optional":true}},"block_types":{"selected_projects":{"nesting_mode":"set","block":{"attributes":{"project_key":{"type":"string","description":"The project key of the project to add to the portfolio","description_kind":"plain","required":true},"selected_branches":{"type":["set","string"],"description":"A set of branches for the project to add to the portfolio","description_kind":"plain","optional":true}},"description":"A set of projects to add to the portfolio.","description_kind":"plain"}}},"description":"Provides a Sonarqube Portfolio resource. This can be used to create and manage Sonarqube Portfolio. Note that the SonarQube API for Portfolios is called ``views``","description_kind":"plain"}},"sonarqube_project":{"version":0,"block":{"attributes":{"id":{"type":"string","description_kind":"plain","optional":true,"computed":true},"name":{"type":"string","description":"The name of the Project to create","description_kind":"plain","required":true},"project":{"type":"string","description":"Key of the project. Maximum length 400. All letters, digits, dash, underscore, period or colon.","description_kind":"plain","required":true},"tags":{"type":["list","string"],"description":"A list of tags to put on the project.","description_kind":"plain","optional":true},"visibility":{"type":"string","description":"Whether the created project should be visible to everyone, or only specific user/groups. If no visibility is specified, the default project visibility of the organization will be used. Valid values are `public` and `private`.","description_kind":"plain","optional":true}},"block_types":{"setting":{"nesting_mode":"list","block":{"attributes":{"field_values":{"type":["list",["map","string"]],"description":"Setting field values for the supplied key","description_kind":"plain","optional":true},"key":{"type":"string","description":"Setting key","description_kind":"plain","required":true},"value":{"type":"string","description":"Setting a value for the supplied key","description_kind":"plain","optional":true},"values":{"type":["list","string"],"description":"Setting multi values for the supplied key","description_kind":"plain","optional":true}},"description":"A list of settings associated to the project","description_kind":"plain"}}},"description":"Provides a Sonarqube Project resource. This can be used to create and manage Sonarqube Project.","description_kind":"plain"}},"sonarqube_project_main_branch":{"version":0,"block":{"attributes":{"id":{"type":"string","description_kind":"plain","optional":true,"computed":true},"name":{"type":"string","description":"The name you want the main branch to have.","description_kind":"plain","required":true},"project":{"type":"string","description":"Key of the project. Maximum length 400. All letters, digits, dash, underscore, period or colon.","description_kind":"plain","required":true}},"description":"Provides a Sonarqube Project main branch resource. This can be used to create and manage a Sonarqube Projects main branch.","description_kind":"plain"}},"sonarqube_qualitygate":{"version":0,"block":{"attributes":{"copy_from":{"type":"string","description":"Name of an existing Quality Gate to copy from.","description_kind":"plain","optional":true},"id":{"type":"string","description_kind":"plain","optional":true,"computed":true},"is_default":{"type":"bool","description":"When set to true this Quality Gate is set as default.","description_kind":"plain","optional":true},"name":{"type":"string","description":"The name of the Quality Gate to create. Maximum length 100.","description_kind":"plain","required":true}},"block_types":{"condition":{"nesting_mode":"list","block":{"attributes":{"id":{"type":"string","description_kind":"plain","computed":true},"metric":{"type":"string","description":"Condition metric.\n\n  Only metrics of the following types are allowed:\n\n  - INT\n  - MILLISEC\n  - RATING\n  - WORK_DUR\n  - FLOAT\n  - PERCENT\n  - LEVEL.\n\n  The following metrics are forbidden:\n\n  - alert_status\n  - security_hotspots\n  - new_security_hotspots","description_kind":"plain","required":true},"op":{"type":"string","description":"Condition operator. Possible values are: LT and GT","description_kind":"plain","required":true},"threshold":{"type":"string","description":"Condition error threshold (For ratings: A=1, B=2, C=3, D=4)","description_kind":"plain","required":true}},"description":"A list of conditions that the gate uses.","description_kind":"plain"}}},"description":"Provides a Sonarqube Quality Gate resource. This can be used to create and manage Sonarqube Quality Gates and their Conditions.","description_kind":"plain"}},"sonarqube_qualitygate_project_association":{"version":0,"block":{"attributes":{"gateid":{"type":"string","description_kind":"plain","optional":true},"gatename":{"type":"string","description":"The name of the Quality Gate","description_kind":"plain","optional":true},"id":{"type":"string","description_kind":"plain","optional":true,"computed":true},"projectkey":{"type":"string","description":"Key of the project. Maximum length 400. All letters, digits, dash, underscore, period or colon.","description_kind":"plain","required":true}},"description":"Provides a Sonarqube Quality Gate Project association resource. This can be used to associate a Quality Gate to a Project","description_kind":"plain"}},"sonarqube_qualitygate_usergroup_association":{"version":0,"block":{"attributes":{"gatename":{"type":"string","description":"The name of the Quality Gate","description_kind":"plain","required":true},"group_name":{"type":"string","description":"The name of the Group to associate. Either `group_name` or `login_name` should be provided.","description_kind":"plain","optional":true},"id":{"type":"string","description_kind":"plain","optional":true,"computed":true},"login_name":{"type":"string","description":"The name of the User to associate. Either `group_name` or `login_name` should be provided.","description_kind":"plain","optional":true}},"description":"Provides a Sonarqube Quality Gate Usergroup association resource. This can be used to associate a Quality Gate to an User or to a Group.\nThe feature is available on SonarQube 9.2 or newer.","description_kind":"plain"}},"sonarqube_qualityprofile":{"version":0,"block":{"attributes":{"id":{"type":"string","description_kind":"plain","optional":true,"computed":true},"is_default":{"type":"bool","description":"When set to true this will make the added Quality Profile default","description_kind":"plain","optional":true},"key":{"type":"string","description":"ID of the Sonarqube Quality Profile","description_kind":"plain","computed":true},"language":{"type":"string","description":"Quality profile language. Must be one of \"cs\", \"css\", \"flex\", \"go\", \"java\", \"js\", \"jsp\", \"kotlin\", \"php\", \"py\", \"ruby\", \"scala\", \"ts\", \"vbnet\", \"web\", \"xml\"","description_kind":"plain","required":true},"name":{"type":"string","description":"The name of the Quality Profile to create. Maximum length 100","description_kind":"plain","required":true},"parent":{"type":"string","description":"When a parent is provided the quality profile will inherit it's rules","description_kind":"plain","optional":true}},"description":"Provides a Sonarqube Quality Profile resource. This can be used to create and manage Sonarqube Quality Profiles.","description_kind":"plain"}},"sonarqube_qualityprofile_activate_rule":{"version":0,"block":{"attributes":{"id":{"type":"string","description_kind":"plain","optional":true,"computed":true},"key":{"type":"string","description":"Quality Profile key. Can be obtained through api/qualityprofiles/search","description_kind":"plain","required":true},"params":{"type":"string","description":"Parameters as semi-colon list of =, for example 'params=key1=v1;key2=v2' (Only for custom rule)","description_kind":"plain","optional":true},"reset":{"type":"string","description":"Reset severity and parameters of activated rule. Set the values defined on parent profile or from rule default values.\n  - Possible values true false yes no (Default false)","description_kind":"plain","optional":true},"rule":{"type":"string","description":"Rule key","description_kind":"plain","required":true},"severity":{"type":"string","description":"Severity. Ignored if parameter reset is true.\n  - Possible values - INFO, MINOR, MAJOR, CRITICAL, BLOCKER","description_kind":"plain","optional":true}},"description":"Provides a Sonarqube Rules resource. This can be used to manage Sonarqube rules.","description_kind":"plain"}},"sonarqube_qualityprofile_project_association":{"version":0,"block":{"attributes":{"id":{"type":"string","description_kind":"plain","optional":true,"computed":true},"language":{"type":"string","description":"Quality profile language. Must be a langauge in this list https://next.sonarqube.com/sonarqube/web_api/api/languages/list","description_kind":"plain","required":true},"project":{"type":"string","description":"Name of the project","description_kind":"plain","required":true},"quality_profile":{"type":"string","description":"Name of the Quality Profile","description_kind":"plain","required":true}},"description":"Provides a Sonarqube Quality Profile Project association resource. This can be used to associate a Quality Profile to a Project","description_kind":"plain"}},"sonarqube_rule":{"version":0,"block":{"attributes":{"custom_key":{"type":"string","description":"key of the custom rule should only contain : a-z, 0-9, \\_","description_kind":"plain","required":true},"id":{"type":"string","description_kind":"plain","optional":true,"computed":true},"markdown_description":{"type":"string","description":"Rule description","description_kind":"plain","required":true},"name":{"type":"string","description":"Rule name","description_kind":"plain","required":true},"params":{"type":"string","description":"Parameters as semi-colon list of =, for example 'params=key1=v1;key2=v2' (Only for custom rule)\n  - parameter order: expression=value;filePattern=value;message=value","description_kind":"plain","optional":true},"prevent_reactivation":{"type":"string","description":"If set to true and if the rule has been deactivated (status 'REMOVED'), a status 409 will be returned\n  - Possible values - true, false, yes, no","description_kind":"plain","optional":true},"severity":{"type":"string","description":"Rule severity\n  - Possible values - INFO, MINOR, MAJOR, CRITICAL, BLOCKER","description_kind":"plain","optional":true},"status":{"type":"string","description":"Rule status\n  - Possible values - BETA, DEPRECATED, READY, REMOVED\n  - Default value - READY","description_kind":"plain","optional":true},"template_key":{"type":"string","description":"Key of the template rule in order to create a custom rule (mandatory for custom rule)\n  - [Example values](https://docs.sonarqube.org/latest/user-guide/rules/#header-4)","description_kind":"plain","required":true},"type":{"type":"string","description":"Rule type\n  - Possible values - CODE_SMELL, BUG, VULNERABILITY, SECURITY_HOTSPOT","description_kind":"plain","optional":true}},"description":"Provides a Sonarqube Rules resource. This can be used to manage Sonarqube rules.","description_kind":"plain"}},"sonarqube_setting":{"version":0,"block":{"attributes":{"field_values":{"type":["list",["map","string"]],"description":"Setting field values for the supplied key","description_kind":"plain","optional":true},"id":{"type":"string","description_kind":"plain","optional":true,"computed":true},"key":{"type":"string","description":"Setting key","description_kind":"plain","required":true},"value":{"type":"string","description":"Setting value. To reset a value, please use the reset web service.","description_kind":"plain","optional":true},"values":{"type":["list","string"],"description":"Setting multi values for the supplied key","description_kind":"plain","optional":true}},"description":"Provides a Sonarqube Settings resource. This can be used to manage Sonarqube settings.","description_kind":"plain"}},"sonarqube_user":{"version":0,"block":{"attributes":{"email":{"type":"string","description":"The email of the User to create.","description_kind":"plain","optional":true},"id":{"type":"string","description_kind":"plain","optional":true,"computed":true},"is_local":{"type":"bool","description":"`True` if the User should be of type `local`. Defaults to `true`.","description_kind":"plain","optional":true},"login_name":{"type":"string","description":"The login name of the User to create. Changing this forces a new resource to be created.","description_kind":"plain","required":true},"name":{"type":"string","description":"The name of the User to create. Changing this forces a new resource to be created.","description_kind":"plain","required":true},"password":{"type":"string","description":"The password of User to create. This is only used if the user is of type `local`.","description_kind":"plain","optional":true,"sensitive":true}},"description":"Provides a Sonarqube User resource. This can be used to manage Sonarqube Users.","description_kind":"plain"}},"sonarqube_user_external_identity":{"version":0,"block":{"attributes":{"external_identity":{"type":"string","description":"The identifier of the User used by the Authentication Provider. Changing this forces a new resource to be created.","description_kind":"plain","required":true},"external_provider":{"type":"string","description":"The key of the Authentication Provider. The Authentication Provider must be activated on Sonarqube. Changing this forces a new resource to be created.","description_kind":"plain","required":true},"id":{"type":"string","description_kind":"plain","optional":true,"computed":true},"login_name":{"type":"string","description":"The login name of the User to update. Changing this forces a new resource to be created.","description_kind":"plain","required":true}},"description":"Updates the _external identity_ of a _non local_ Sonarqube User. This can be used to set the _Identity Provider_ which should be used to\nauthenticate a specific user.\n\nThe Sonarqube API currently does not provide an endpoint to read the _external identity_ setting of an user.","description_kind":"plain"}},"sonarqube_user_token":{"version":0,"block":{"attributes":{"expiration_date":{"type":"string","description":"The expiration date of the token being generated, in ISO 8601 format (YYYY-MM-DD). If not set, default to no expiration.","description_kind":"plain","optional":true,"computed":true},"id":{"type":"string","description_kind":"plain","optional":true,"computed":true},"login_name":{"type":"string","description":"The login name of the User for which the token should be created. If not set, the token is created for the authenticated user. Changing this forces a new resource to be created.","description_kind":"plain","optional":true},"name":{"type":"string","description":"The name of the Token to create. Changing this forces a new resource to be created.","description_kind":"plain","required":true},"project_key":{"type":"string","description":"The key of the only project that can be analyzed by the PROJECT_ANALYSIS TOKEN being created. Changing this forces a new resource to be created.","description_kind":"plain","optional":true},"token":{"type":"string","description":"The token value.","description_kind":"plain","computed":true,"sensitive":true},"type":{"type":"string","description":"The kind of Token to create. Changing this forces a new resource to be created. Possible values are USER_TOKEN, GLOBAL_ANALYSIS_TOKEN, or PROJECT_ANALYSIS_TOKEN. Defaults to USER_TOKEN. If set to PROJECT_ANALYSIS_TOKEN, then the project_key must also be specified.","description_kind":"plain","optional":true}},"description":"Provides a Sonarqube User token resource. This can be used to manage Sonarqube User tokens.","description_kind":"plain"}},"sonarqube_webhook":{"version":0,"block":{"attributes":{"id":{"type":"string","description_kind":"plain","optional":true,"computed":true},"name":{"type":"string","description":"The name of the webhook to create. This will be displayed in the Sonarqube administration console.","description_kind":"plain","required":true},"project":{"type":"string","description":"The key of the project that will own the webhook.","description_kind":"plain","optional":true},"secret":{"type":"string","description":"The secret to send with the event payload.","description_kind":"plain","optional":true,"computed":true,"sensitive":true},"url":{"type":"string","description":"The URL to send event payloads to. This must begin with either `https://` or `http://`.","description_kind":"plain","required":true}},"description":"Provides a Sonarqube Webhook resource. This can be used to manage Sonarqube webhooks.","description_kind":"plain"}}},"data_source_schemas":{"sonarqube_group":{"version":0,"block":{"attributes":{"description":{"type":"string","description":"The group description.","description_kind":"plain","computed":true},"id":{"type":"string","description_kind":"plain","optional":true,"computed":true},"name":{"type":"string","description":"The name of the group.","description_kind":"plain","required":true}},"description":"Use this data source to get a Sonarqube Group resource","description_kind":"plain"}},"sonarqube_portfolio":{"version":0,"block":{"attributes":{"branch":{"type":"string","description":"Which branch is analyzed","description_kind":"plain","computed":true},"description":{"type":"string","description":"Description of the portfolio","description_kind":"plain","computed":true},"id":{"type":"string","description_kind":"plain","optional":true,"computed":true},"key":{"type":"string","description":"The key of the portfolio","description_kind":"plain","required":true},"name":{"type":"string","description":"Name of the portfolio","description_kind":"plain","computed":true},"qualifier":{"type":"string","description":"`VW` (portfolios always have this qualifier)","description_kind":"plain","computed":true},"regexp":{"type":"string","description":"The regular expression used to populate the portfolio. Only active when `selection_mode` is `REGEXP`","description_kind":"plain","computed":true},"selection_mode":{"type":"string","description":"How the Portfolio is populated. Possible values are `NONE`, `MANUAL`, `TAGS`, `REGEXP` or `REST`. [See docs](https://docs.sonarqube.org/9.8/project-administration/managing-portfolios/#populating-portfolios) for how Portfolio population works","description_kind":"plain","computed":true},"tags":{"type":["list","string"],"description":"The list of tags used to populate the Portfolio. Only active when `selection_mode` is `TAGS`","description_kind":"plain","computed":true},"visibility":{"type":"string","description":"Portfolio visibility","description_kind":"plain","computed":true}},"description":"Use this data source to get a Sonarqube portfolio resource","description_kind":"plain"}},"sonarqube_project":{"version":0,"block":{"attributes":{"id":{"type":"string","description_kind":"plain","optional":true,"computed":true},"name":{"type":"string","description":"Name of the project","description_kind":"plain","computed":true},"project":{"type":"string","description":"The project key of the project","description_kind":"plain","required":true},"visibility":{"type":"string","description":"Project visibility","description_kind":"plain","computed":true}},"description":"Use this data source to get a Sonarqube project resource","description_kind":"plain"}},"sonarqube_qualitygate":{"version":0,"block":{"attributes":{"condition":{"type":["list",["object",{"id":"string","metric":"string","op":"string","threshold":"string"}]],"description":"List of Quality Gate conditions.","description_kind":"plain","computed":true},"copy_from":{"type":"string","description":"Origin of the Quality Gate","description_kind":"plain","computed":true},"id":{"type":"string","description_kind":"plain","optional":true,"computed":true},"is_default":{"type":"bool","description":"Quality Gate default.","description_kind":"plain","computed":true},"name":{"type":"string","description":"The name of the Quality Gate.","description_kind":"plain","required":true}},"description":"Use this data source to get a Sonarqube qualitygate resource","description_kind":"plain"}},"sonarqube_qualityprofile":{"version":0,"block":{"attributes":{"id":{"type":"string","description_kind":"plain","optional":true,"computed":true},"is_default":{"type":"bool","description":"Quality Profile default","description_kind":"plain","computed":true},"key":{"type":"string","description":"The key of the Quality Profile","description_kind":"plain","computed":true},"language":{"type":"string","description":"Quality Profile language","description_kind":"plain","computed":true},"name":{"type":"string","description":"The name of the Quality Profile","description_kind":"plain","required":true}},"description":"Use this data source to get a Sonarqube qualityprofile resource","description_kind":"plain"}},"sonarqube_rule":{"version":0,"block":{"attributes":{"id":{"type":"string","description_kind":"plain","optional":true,"computed":true},"key":{"type":"string","description":"The key of the sonarqube rule. Should be \u003crepo\u003e:\u003cname\u003e. https://next.sonarqube.com/sonarqube/web_api/api/rules?query=api%2Frules%2Fcreate","description_kind":"plain","required":true},"markdown_description":{"type":"string","description":"Rule description","description_kind":"plain","computed":true},"name":{"type":"string","description":"Rule name","description_kind":"plain","computed":true},"severity":{"type":"string","description":"Rule severity","description_kind":"plain","computed":true},"status":{"type":"string","description":"Rule status","description_kind":"plain","computed":true},"template_key":{"type":"string","description":"Key of the template rule","description_kind":"plain","computed":true},"type":{"type":"string","description":"Rule type","description_kind":"plain","computed":true}},"description":"Use this data source to get a Sonarqube rule resource","description_kind":"plain"}},"sonarqube_user":{"version":0,"block":{"attributes":{"email":{"type":"string","description":"The email of the user","description_kind":"plain","computed":true},"id":{"type":"string","description_kind":"plain","optional":true,"computed":true},"is_local":{"type":"bool","description":"Whether the user is local","description_kind":"plain","computed":true},"login_name":{"type":"string","description":"The login name of the user","description_kind":"plain","required":true},"name":{"type":"string","description":"The name of the user","description_kind":"plain","computed":true}},"description":"Use this data source to get a Sonarqube User resource","description_kind":"plain"}}}}}}
